// !$*UTF8*$!
{
	archiveVersion = 1;
	classes = {
	};
	objectVersion = 55;
	objects = {

/* Begin PBXBuildFile section */
		E92DE1CA29D1C61600B5CB86 /* MetaData.swift in Sources */ = {isa = PBXBuildFile; fileRef = E92DE1C829D1C61600B5CB86 /* MetaData.swift */; };
		E92DE1CE29D1C88200B5CB86 /* Entity.swift in Sources */ = {isa = PBXBuildFile; fileRef = E92DE1CC29D1C88200B5CB86 /* Entity.swift */; };
		E92DE1D229D1CAF000B5CB86 /* DataModel.xcdatamodeld in Sources */ = {isa = PBXBuildFile; fileRef = E92DE1D029D1CAF000B5CB86 /* DataModel.xcdatamodeld */; };
		E9835CAF29CC9382008CF340 /* SQLiteFile.swift in Sources */ = {isa = PBXBuildFile; fileRef = E9835C8429CC9382008CF340 /* SQLiteFile.swift */; };
		E9835CB029CC9382008CF340 /* JishoApp.swift in Sources */ = {isa = PBXBuildFile; fileRef = E9835C8629CC9382008CF340 /* JishoApp.swift */; };
		E9835CB129CC9382008CF340 /* NSManagedObjectType.swift in Sources */ = {isa = PBXBuildFile; fileRef = E9835C8829CC9382008CF340 /* NSManagedObjectType.swift */; };
		E9835CB229CC9382008CF340 /* SideMenuSize.swift in Sources */ = {isa = PBXBuildFile; fileRef = E9835C8929CC9382008CF340 /* SideMenuSize.swift */; };
		E9835CB329CC9382008CF340 /* InitType.swift in Sources */ = {isa = PBXBuildFile; fileRef = E9835C8A29CC9382008CF340 /* InitType.swift */; };
		E9835CB429CC9382008CF340 /* AppPage.swift in Sources */ = {isa = PBXBuildFile; fileRef = E9835C8B29CC9382008CF340 /* AppPage.swift */; };
		E9835CB529CC9382008CF340 /* DataController.swift in Sources */ = {isa = PBXBuildFile; fileRef = E9835C8D29CC9382008CF340 /* DataController.swift */; };
		E9835CB829CC9382008CF340 /* MetaData_struct.swift in Sources */ = {isa = PBXBuildFile; fileRef = E9835C9329CC9382008CF340 /* MetaData_struct.swift */; };
		E9835CB929CC9382008CF340 /* SideMenuButtonView.swift in Sources */ = {isa = PBXBuildFile; fileRef = E9835C9729CC9382008CF340 /* SideMenuButtonView.swift */; };
		E9835CBA29CC9382008CF340 /* SideMenuView.swift in Sources */ = {isa = PBXBuildFile; fileRef = E9835C9829CC9382008CF340 /* SideMenuView.swift */; };
		E9835CBB29CC9382008CF340 /* ContentView.swift in Sources */ = {isa = PBXBuildFile; fileRef = E9835C9929CC9382008CF340 /* ContentView.swift */; };
		E9835CBC29CC9382008CF340 /* SearchPageView.swift in Sources */ = {isa = PBXBuildFile; fileRef = E9835C9C29CC9382008CF340 /* SearchPageView.swift */; };
		E9835CBD29CC9382008CF340 /* DebugPageView.swift in Sources */ = {isa = PBXBuildFile; fileRef = E9835C9E29CC9382008CF340 /* DebugPageView.swift */; };
		E9835CBE29CC9382008CF340 /* DebugPageDetailMetaDataListView.swift in Sources */ = {isa = PBXBuildFile; fileRef = E9835CA129CC9382008CF340 /* DebugPageDetailMetaDataListView.swift */; };
		E9835CBF29CC9382008CF340 /* DebugPageDetailMetaDataListRowView.swift in Sources */ = {isa = PBXBuildFile; fileRef = E9835CA229CC9382008CF340 /* DebugPageDetailMetaDataListRowView.swift */; };
		E9835CC029CC9382008CF340 /* DebugPageDetailView.swift in Sources */ = {isa = PBXBuildFile; fileRef = E9835CA329CC9382008CF340 /* DebugPageDetailView.swift */; };
		E9835CC129CC9382008CF340 /* DebugListRowView.swift in Sources */ = {isa = PBXBuildFile; fileRef = E9835CA429CC9382008CF340 /* DebugListRowView.swift */; };
		E9835CC229CC9382008CF340 /* ViewExtensions.swift in Sources */ = {isa = PBXBuildFile; fileRef = E9835CA629CC9382008CF340 /* ViewExtensions.swift */; };
		E9835CC329CC9382008CF340 /* EnvironmentValueExtensions.swift in Sources */ = {isa = PBXBuildFile; fileRef = E9835CA729CC9382008CF340 /* EnvironmentValueExtensions.swift */; };
		E9835CC429CC9382008CF340 /* FileError.swift in Sources */ = {isa = PBXBuildFile; fileRef = E9835CA929CC9382008CF340 /* FileError.swift */; };
		E9835CC529CC9382008CF340 /* ContentViewModel.swift in Sources */ = {isa = PBXBuildFile; fileRef = E9835CAB29CC9382008CF340 /* ContentViewModel.swift */; };
		E9835CC629CC9382008CF340 /* DebugListRowViewModel.swift in Sources */ = {isa = PBXBuildFile; fileRef = E9835CAC29CC9382008CF340 /* DebugListRowViewModel.swift */; };
		E9835CC729CC9382008CF340 /* DebugPageViewModel.swift in Sources */ = {isa = PBXBuildFile; fileRef = E9835CAD29CC9382008CF340 /* DebugPageViewModel.swift */; };
/* End PBXBuildFile section */

/* Begin PBXFileReference section */
		E92DE1C829D1C61600B5CB86 /* MetaData.swift */ = {isa = PBXFileReference; lastKnownFileType = sourcecode.swift; path = MetaData.swift; sourceTree = "<group>"; };
		E92DE1CC29D1C88200B5CB86 /* Entity.swift */ = {isa = PBXFileReference; lastKnownFileType = sourcecode.swift; path = Entity.swift; sourceTree = "<group>"; };
		E92DE1D129D1CAF000B5CB86 /* DataModel.xcdatamodel */ = {isa = PBXFileReference; lastKnownFileType = wrapper.xcdatamodel; path = DataModel.xcdatamodel; sourceTree = "<group>"; };
		E9835C8429CC9382008CF340 /* SQLiteFile.swift */ = {isa = PBXFileReference; fileEncoding = 4; lastKnownFileType = sourcecode.swift; path = SQLiteFile.swift; sourceTree = "<group>"; };
		E9835C8529CC9382008CF340 /* Jisho.entitlements */ = {isa = PBXFileReference; fileEncoding = 4; lastKnownFileType = text.plist.entitlements; path = Jisho.entitlements; sourceTree = "<group>"; };
		E9835C8629CC9382008CF340 /* JishoApp.swift */ = {isa = PBXFileReference; fileEncoding = 4; lastKnownFileType = sourcecode.swift; path = JishoApp.swift; sourceTree = "<group>"; };
		E9835C8829CC9382008CF340 /* NSManagedObjectType.swift */ = {isa = PBXFileReference; fileEncoding = 4; lastKnownFileType = sourcecode.swift; path = NSManagedObjectType.swift; sourceTree = "<group>"; };
		E9835C8929CC9382008CF340 /* SideMenuSize.swift */ = {isa = PBXFileReference; fileEncoding = 4; lastKnownFileType = sourcecode.swift; path = SideMenuSize.swift; sourceTree = "<group>"; };
		E9835C8A29CC9382008CF340 /* InitType.swift */ = {isa = PBXFileReference; fileEncoding = 4; lastKnownFileType = sourcecode.swift; path = InitType.swift; sourceTree = "<group>"; };
		E9835C8B29CC9382008CF340 /* AppPage.swift */ = {isa = PBXFileReference; fileEncoding = 4; lastKnownFileType = sourcecode.swift; path = AppPage.swift; sourceTree = "<group>"; };
		E9835C8D29CC9382008CF340 /* DataController.swift */ = {isa = PBXFileReference; fileEncoding = 4; lastKnownFileType = sourcecode.swift; path = DataController.swift; sourceTree = "<group>"; };
		E9835C9329CC9382008CF340 /* MetaData_struct.swift */ = {isa = PBXFileReference; fileEncoding = 4; lastKnownFileType = sourcecode.swift; path = MetaData_struct.swift; sourceTree = "<group>"; };
		E9835C9729CC9382008CF340 /* SideMenuButtonView.swift */ = {isa = PBXFileReference; fileEncoding = 4; lastKnownFileType = sourcecode.swift; path = SideMenuButtonView.swift; sourceTree = "<group>"; };
		E9835C9829CC9382008CF340 /* SideMenuView.swift */ = {isa = PBXFileReference; fileEncoding = 4; lastKnownFileType = sourcecode.swift; path = SideMenuView.swift; sourceTree = "<group>"; };
		E9835C9929CC9382008CF340 /* ContentView.swift */ = {isa = PBXFileReference; fileEncoding = 4; lastKnownFileType = sourcecode.swift; path = ContentView.swift; sourceTree = "<group>"; };
		E9835C9C29CC9382008CF340 /* SearchPageView.swift */ = {isa = PBXFileReference; fileEncoding = 4; lastKnownFileType = sourcecode.swift; path = SearchPageView.swift; sourceTree = "<group>"; };
		E9835C9E29CC9382008CF340 /* DebugPageView.swift */ = {isa = PBXFileReference; fileEncoding = 4; lastKnownFileType = sourcecode.swift; path = DebugPageView.swift; sourceTree = "<group>"; };
		E9835CA129CC9382008CF340 /* DebugPageDetailMetaDataListView.swift */ = {isa = PBXFileReference; fileEncoding = 4; lastKnownFileType = sourcecode.swift; path = DebugPageDetailMetaDataListView.swift; sourceTree = "<group>"; };
		E9835CA229CC9382008CF340 /* DebugPageDetailMetaDataListRowView.swift */ = {isa = PBXFileReference; fileEncoding = 4; lastKnownFileType = sourcecode.swift; path = DebugPageDetailMetaDataListRowView.swift; sourceTree = "<group>"; };
		E9835CA329CC9382008CF340 /* DebugPageDetailView.swift */ = {isa = PBXFileReference; fileEncoding = 4; lastKnownFileType = sourcecode.swift; path = DebugPageDetailView.swift; sourceTree = "<group>"; };
		E9835CA429CC9382008CF340 /* DebugListRowView.swift */ = {isa = PBXFileReference; fileEncoding = 4; lastKnownFileType = sourcecode.swift; path = DebugListRowView.swift; sourceTree = "<group>"; };
		E9835CA629CC9382008CF340 /* ViewExtensions.swift */ = {isa = PBXFileReference; fileEncoding = 4; lastKnownFileType = sourcecode.swift; path = ViewExtensions.swift; sourceTree = "<group>"; };
		E9835CA729CC9382008CF340 /* EnvironmentValueExtensions.swift */ = {isa = PBXFileReference; fileEncoding = 4; lastKnownFileType = sourcecode.swift; path = EnvironmentValueExtensions.swift; sourceTree = "<group>"; };
		E9835CA929CC9382008CF340 /* FileError.swift */ = {isa = PBXFileReference; fileEncoding = 4; lastKnownFileType = sourcecode.swift; path = FileError.swift; sourceTree = "<group>"; };
		E9835CAB29CC9382008CF340 /* ContentViewModel.swift */ = {isa = PBXFileReference; fileEncoding = 4; lastKnownFileType = sourcecode.swift; path = ContentViewModel.swift; sourceTree = "<group>"; };
		E9835CAC29CC9382008CF340 /* DebugListRowViewModel.swift */ = {isa = PBXFileReference; fileEncoding = 4; lastKnownFileType = sourcecode.swift; path = DebugListRowViewModel.swift; sourceTree = "<group>"; };
		E9835CAD29CC9382008CF340 /* DebugPageViewModel.swift */ = {isa = PBXFileReference; fileEncoding = 4; lastKnownFileType = sourcecode.swift; path = DebugPageViewModel.swift; sourceTree = "<group>"; };
		E9835CAE29CC9382008CF340 /* Info.plist */ = {isa = PBXFileReference; fileEncoding = 4; lastKnownFileType = text.plist.xml; path = Info.plist; sourceTree = "<group>"; };
		E996A1E929D27E6000DD700D /* Jisho.app */ = {isa = PBXFileReference; explicitFileType = wrapper.application; includeInIndex = 0; name = Jisho.app; path = "/Users/thomas/Library/Mobile Documents/com~apple~CloudDocs/Xcode/Swift/Swift Projects/Crosplatform/Jisho/build/Debug-iphoneos/Jisho.app"; sourceTree = "<absolute>"; };
/* End PBXFileReference section */

/* Begin PBXFrameworksBuildPhase section */
		E914E97127CF9CF800FA4B68 /* Frameworks */ = {
			isa = PBXFrameworksBuildPhase;
			buildActionMask = 2147483647;
			files = (
			);
			runOnlyForDeploymentPostprocessing = 0;
		};
/* End PBXFrameworksBuildPhase section */

/* Begin PBXGroup section */
		E914E96B27CF9CF800FA4B68 = {
			isa = PBXGroup;
			children = (
				E9835C8229CC9382008CF340 /* Jisho */,
			);
			sourceTree = "<group>";
		};
		E9835C8229CC9382008CF340 /* Jisho */ = {
			isa = PBXGroup;
			children = (
				E9835C8629CC9382008CF340 /* JishoApp.swift */,
				E9835C9529CC9382008CF340 /* SwiftUIViews */,
				E9835CAA29CC9382008CF340 /* SwiftUIViewModels */,
				E9835C8C29CC9382008CF340 /* CoreData */,
				E9835C8329CC9382008CF340 /* DocumentStructs */,
				E9835CA529CC9382008CF340 /* Extensions */,
				E9835C8729CC9382008CF340 /* Enums */,
				E9835CA829CC9382008CF340 /* Errors */,
				E9835C8529CC9382008CF340 /* Jisho.entitlements */,
				E9835CAE29CC9382008CF340 /* Info.plist */,
			);
			path = Jisho;
			sourceTree = "<group>";
		};
		E9835C8329CC9382008CF340 /* DocumentStructs */ = {
			isa = PBXGroup;
			children = (
				E9835C8429CC9382008CF340 /* SQLiteFile.swift */,
			);
			path = DocumentStructs;
			sourceTree = "<group>";
		};
		E9835C8729CC9382008CF340 /* Enums */ = {
			isa = PBXGroup;
			children = (
				E9835C8829CC9382008CF340 /* NSManagedObjectType.swift */,
				E9835C8929CC9382008CF340 /* SideMenuSize.swift */,
				E9835C8A29CC9382008CF340 /* InitType.swift */,
				E9835C8B29CC9382008CF340 /* AppPage.swift */,
			);
			path = Enums;
			sourceTree = "<group>";
		};
		E9835C8C29CC9382008CF340 /* CoreData */ = {
			isa = PBXGroup;
			children = (
				E9835C9029CC9382008CF340 /* CoreDataClasses */,
				E9835C9229CC9382008CF340 /* Structs */,
				E9835C9429CC9382008CF340 /* SQLiteFiles */,
				E9835C8D29CC9382008CF340 /* DataController.swift */,
				E92DE1D029D1CAF000B5CB86 /* DataModel.xcdatamodeld */,
			);
			path = CoreData;
			sourceTree = "<group>";
		};
		E9835C9029CC9382008CF340 /* CoreDataClasses */ = {
			isa = PBXGroup;
			children = (
				E92DE1CC29D1C88200B5CB86 /* Entity.swift */,
				E92DE1C829D1C61600B5CB86 /* MetaData.swift */,
			);
			path = CoreDataClasses;
			sourceTree = "<group>";
		};
		E9835C9229CC9382008CF340 /* Structs */ = {
			isa = PBXGroup;
			children = (
				E9835C9329CC9382008CF340 /* MetaData_struct.swift */,
			);
			path = Structs;
			sourceTree = "<group>";
		};
		E9835C9429CC9382008CF340 /* SQLiteFiles */ = {
			isa = PBXGroup;
			children = (
			);
			path = SQLiteFiles;
			sourceTree = "<group>";
		};
		E9835C9529CC9382008CF340 /* SwiftUIViews */ = {
			isa = PBXGroup;
			children = (
				E9835C9929CC9382008CF340 /* ContentView.swift */,
				E9835C9629CC9382008CF340 /* SideMenu */,
				E9835C9A29CC9382008CF340 /* PagesViews */,
			);
			path = SwiftUIViews;
			sourceTree = "<group>";
		};
		E9835C9629CC9382008CF340 /* SideMenu */ = {
			isa = PBXGroup;
			children = (
				E9835C9729CC9382008CF340 /* SideMenuButtonView.swift */,
				E9835C9829CC9382008CF340 /* SideMenuView.swift */,
			);
			path = SideMenu;
			sourceTree = "<group>";
		};
		E9835C9A29CC9382008CF340 /* PagesViews */ = {
			isa = PBXGroup;
			children = (
				E9835C9B29CC9382008CF340 /* SearchPage */,
				E9835C9D29CC9382008CF340 /* DebugPage */,
			);
			path = PagesViews;
			sourceTree = "<group>";
		};
		E9835C9B29CC9382008CF340 /* SearchPage */ = {
			isa = PBXGroup;
			children = (
				E9835C9C29CC9382008CF340 /* SearchPageView.swift */,
			);
			path = SearchPage;
			sourceTree = "<group>";
		};
		E9835C9D29CC9382008CF340 /* DebugPage */ = {
			isa = PBXGroup;
			children = (
				E9835C9E29CC9382008CF340 /* DebugPageView.swift */,
				E9835CA429CC9382008CF340 /* DebugListRowView.swift */,
				E9835C9F29CC9382008CF340 /* DetailView */,
			);
			path = DebugPage;
			sourceTree = "<group>";
		};
		E9835C9F29CC9382008CF340 /* DetailView */ = {
			isa = PBXGroup;
			children = (
				E9835CA329CC9382008CF340 /* DebugPageDetailView.swift */,
				E9835CA029CC9382008CF340 /* MetaData */,
			);
			path = DetailView;
			sourceTree = "<group>";
		};
		E9835CA029CC9382008CF340 /* MetaData */ = {
			isa = PBXGroup;
			children = (
				E9835CA129CC9382008CF340 /* DebugPageDetailMetaDataListView.swift */,
				E9835CA229CC9382008CF340 /* DebugPageDetailMetaDataListRowView.swift */,
			);
			path = MetaData;
			sourceTree = "<group>";
		};
		E9835CA529CC9382008CF340 /* Extensions */ = {
			isa = PBXGroup;
			children = (
				E9835CA629CC9382008CF340 /* ViewExtensions.swift */,
				E9835CA729CC9382008CF340 /* EnvironmentValueExtensions.swift */,
			);
			path = Extensions;
			sourceTree = "<group>";
		};
		E9835CA829CC9382008CF340 /* Errors */ = {
			isa = PBXGroup;
			children = (
				E9835CA929CC9382008CF340 /* FileError.swift */,
			);
			path = Errors;
			sourceTree = "<group>";
		};
		E9835CAA29CC9382008CF340 /* SwiftUIViewModels */ = {
			isa = PBXGroup;
			children = (
				E9835CAB29CC9382008CF340 /* ContentViewModel.swift */,
				E9835CAC29CC9382008CF340 /* DebugListRowViewModel.swift */,
				E9835CAD29CC9382008CF340 /* DebugPageViewModel.swift */,
			);
			path = SwiftUIViewModels;
			sourceTree = "<group>";
		};
/* End PBXGroup section */

/* Begin PBXNativeTarget section */
		E914E97327CF9CF800FA4B68 /* Jisho */ = {
			isa = PBXNativeTarget;
			buildConfigurationList = E914E98227CF9CFB00FA4B68 /* Build configuration list for PBXNativeTarget "Jisho" */;
			buildPhases = (
				E914E97027CF9CF800FA4B68 /* Sources */,
				E914E97127CF9CF800FA4B68 /* Frameworks */,
				E914E97227CF9CF800FA4B68 /* Resources */,
			);
			buildRules = (
			);
			dependencies = (
			);
			name = Jisho;
			productName = Jisho;
			productReference = E996A1E929D27E6000DD700D /* Jisho.app */;
			productType = "com.apple.product-type.application";
		};
/* End PBXNativeTarget section */

/* Begin PBXProject section */
		E914E96C27CF9CF800FA4B68 /* Project object */ = {
			isa = PBXProject;
			attributes = {
				BuildIndependentTargetsInParallel = 1;
				LastSwiftUpdateCheck = 1320;
				LastUpgradeCheck = 1420;
				TargetAttributes = {
					E914E97327CF9CF800FA4B68 = {
						CreatedOnToolsVersion = 13.2.1;
					};
				};
			};
			buildConfigurationList = E914E96F27CF9CF800FA4B68 /* Build configuration list for PBXProject "Jisho" */;
			compatibilityVersion = "Xcode 13.0";
			developmentRegion = en;
			hasScannedForEncodings = 0;
			knownRegions = (
				en,
				Base,
			);
			mainGroup = E914E96B27CF9CF800FA4B68;
			productRefGroup = E914E96B27CF9CF800FA4B68;
			projectDirPath = "";
			projectRoot = "";
			targets = (
				E914E97327CF9CF800FA4B68 /* Jisho */,
			);
		};
/* End PBXProject section */

/* Begin PBXResourcesBuildPhase section */
		E914E97227CF9CF800FA4B68 /* Resources */ = {
			isa = PBXResourcesBuildPhase;
			buildActionMask = 2147483647;
			files = (
			);
			runOnlyForDeploymentPostprocessing = 0;
		};
/* End PBXResourcesBuildPhase section */

/* Begin PBXSourcesBuildPhase section */
		E914E97027CF9CF800FA4B68 /* Sources */ = {
			isa = PBXSourcesBuildPhase;
			buildActionMask = 2147483647;
			files = (
				E9835CC129CC9382008CF340 /* DebugListRowView.swift in Sources */,
				E9835CB529CC9382008CF340 /* DataController.swift in Sources */,
				E92DE1CE29D1C88200B5CB86 /* Entity.swift in Sources */,
				E9835CC329CC9382008CF340 /* EnvironmentValueExtensions.swift in Sources */,
				E9835CB329CC9382008CF340 /* InitType.swift in Sources */,
				E9835CB829CC9382008CF340 /* MetaData_struct.swift in Sources */,
				E9835CBD29CC9382008CF340 /* DebugPageView.swift in Sources */,
				E9835CB929CC9382008CF340 /* SideMenuButtonView.swift in Sources */,
				E9835CBC29CC9382008CF340 /* SearchPageView.swift in Sources */,
				E9835CB129CC9382008CF340 /* NSManagedObjectType.swift in Sources */,
				E9835CC029CC9382008CF340 /* DebugPageDetailView.swift in Sources */,
				E9835CBA29CC9382008CF340 /* SideMenuView.swift in Sources */,
				E9835CC529CC9382008CF340 /* ContentViewModel.swift in Sources */,
				E9835CC729CC9382008CF340 /* DebugPageViewModel.swift in Sources */,
				E9835CC629CC9382008CF340 /* DebugListRowViewModel.swift in Sources */,
				E92DE1CA29D1C61600B5CB86 /* MetaData.swift in Sources */,
				E9835CB429CC9382008CF340 /* AppPage.swift in Sources */,
				E9835CAF29CC9382008CF340 /* SQLiteFile.swift in Sources */,
				E9835CBB29CC9382008CF340 /* ContentView.swift in Sources */,
				E9835CC429CC9382008CF340 /* FileError.swift in Sources */,
				E9835CBF29CC9382008CF340 /* DebugPageDetailMetaDataListRowView.swift in Sources */,
				E9835CB229CC9382008CF340 /* SideMenuSize.swift in Sources */,
				E9835CB029CC9382008CF340 /* JishoApp.swift in Sources */,
				E92DE1D229D1CAF000B5CB86 /* DataModel.xcdatamodeld in Sources */,
				E9835CC229CC9382008CF340 /* ViewExtensions.swift in Sources */,
				E9835CBE29CC9382008CF340 /* DebugPageDetailMetaDataListView.swift in Sources */,
			);
			runOnlyForDeploymentPostprocessing = 0;
		};
/* End PBXSourcesBuildPhase section */

/* Begin XCBuildConfiguration section */
		E914E98027CF9CFB00FA4B68 /* Debug */ = {
			isa = XCBuildConfiguration;
			buildSettings = {
				ALWAYS_SEARCH_USER_PATHS = NO;
				CLANG_ANALYZER_NONNULL = YES;
				CLANG_ANALYZER_NUMBER_OBJECT_CONVERSION = YES_AGGRESSIVE;
				CLANG_CXX_LANGUAGE_STANDARD = "gnu++17";
				CLANG_CXX_LIBRARY = "libc++";
				CLANG_ENABLE_MODULES = YES;
				CLANG_ENABLE_OBJC_ARC = YES;
				CLANG_ENABLE_OBJC_WEAK = YES;
				CLANG_WARN_BLOCK_CAPTURE_AUTORELEASING = YES;
				CLANG_WARN_BOOL_CONVERSION = YES;
				CLANG_WARN_COMMA = YES;
				CLANG_WARN_CONSTANT_CONVERSION = YES;
				CLANG_WARN_DEPRECATED_OBJC_IMPLEMENTATIONS = YES;
				CLANG_WARN_DIRECT_OBJC_ISA_USAGE = YES_ERROR;
				CLANG_WARN_DOCUMENTATION_COMMENTS = YES;
				CLANG_WARN_EMPTY_BODY = YES;
				CLANG_WARN_ENUM_CONVERSION = YES;
				CLANG_WARN_INFINITE_RECURSION = YES;
				CLANG_WARN_INT_CONVERSION = YES;
				CLANG_WARN_NON_LITERAL_NULL_CONVERSION = YES;
				CLANG_WARN_OBJC_IMPLICIT_RETAIN_SELF = YES;
				CLANG_WARN_OBJC_LITERAL_CONVERSION = YES;
				CLANG_WARN_OBJC_ROOT_CLASS = YES_ERROR;
				CLANG_WARN_QUOTED_INCLUDE_IN_FRAMEWORK_HEADER = YES;
				CLANG_WARN_RANGE_LOOP_ANALYSIS = YES;
				CLANG_WARN_STRICT_PROTOTYPES = YES;
				CLANG_WARN_SUSPICIOUS_MOVE = YES;
				CLANG_WARN_UNGUARDED_AVAILABILITY = YES_AGGRESSIVE;
				CLANG_WARN_UNREACHABLE_CODE = YES;
				CLANG_WARN__DUPLICATE_METHOD_MATCH = YES;
				COPY_PHASE_STRIP = NO;
				DEBUG_INFORMATION_FORMAT = dwarf;
				ENABLE_STRICT_OBJC_MSGSEND = YES;
				ENABLE_TESTABILITY = YES;
				GCC_C_LANGUAGE_STANDARD = gnu11;
				GCC_DYNAMIC_NO_PIC = NO;
				GCC_NO_COMMON_BLOCKS = YES;
				GCC_OPTIMIZATION_LEVEL = 0;
				GCC_PREPROCESSOR_DEFINITIONS = (
					"DEBUG=1",
					"$(inherited)",
				);
				GCC_WARN_64_TO_32_BIT_CONVERSION = YES;
				GCC_WARN_ABOUT_RETURN_TYPE = YES_ERROR;
				GCC_WARN_UNDECLARED_SELECTOR = YES;
				GCC_WARN_UNINITIALIZED_AUTOS = YES_AGGRESSIVE;
				GCC_WARN_UNUSED_FUNCTION = YES;
				GCC_WARN_UNUSED_VARIABLE = YES;
				IPHONEOS_DEPLOYMENT_TARGET = 16.2;
				MACOSX_DEPLOYMENT_TARGET = 13.1;
				MTL_ENABLE_DEBUG_INFO = INCLUDE_SOURCE;
				MTL_FAST_MATH = YES;
				ONLY_ACTIVE_ARCH = YES;
				SDKROOT = iphoneos;
				SWIFT_ACTIVE_COMPILATION_CONDITIONS = DEBUG;
				SWIFT_OPTIMIZATION_LEVEL = "-Onone";
			};
			name = Debug;
		};
		E914E98127CF9CFB00FA4B68 /* Release */ = {
			isa = XCBuildConfiguration;
			buildSettings = {
				ALWAYS_SEARCH_USER_PATHS = NO;
				CLANG_ANALYZER_NONNULL = YES;
				CLANG_ANALYZER_NUMBER_OBJECT_CONVERSION = YES_AGGRESSIVE;
				CLANG_CXX_LANGUAGE_STANDARD = "gnu++17";
				CLANG_CXX_LIBRARY = "libc++";
				CLANG_ENABLE_MODULES = YES;
				CLANG_ENABLE_OBJC_ARC = YES;
				CLANG_ENABLE_OBJC_WEAK = YES;
				CLANG_WARN_BLOCK_CAPTURE_AUTORELEASING = YES;
				CLANG_WARN_BOOL_CONVERSION = YES;
				CLANG_WARN_COMMA = YES;
				CLANG_WARN_CONSTANT_CONVERSION = YES;
				CLANG_WARN_DEPRECATED_OBJC_IMPLEMENTATIONS = YES;
				CLANG_WARN_DIRECT_OBJC_ISA_USAGE = YES_ERROR;
				CLANG_WARN_DOCUMENTATION_COMMENTS = YES;
				CLANG_WARN_EMPTY_BODY = YES;
				CLANG_WARN_ENUM_CONVERSION = YES;
				CLANG_WARN_INFINITE_RECURSION = YES;
				CLANG_WARN_INT_CONVERSION = YES;
				CLANG_WARN_NON_LITERAL_NULL_CONVERSION = YES;
				CLANG_WARN_OBJC_IMPLICIT_RETAIN_SELF = YES;
				CLANG_WARN_OBJC_LITERAL_CONVERSION = YES;
				CLANG_WARN_OBJC_ROOT_CLASS = YES_ERROR;
				CLANG_WARN_QUOTED_INCLUDE_IN_FRAMEWORK_HEADER = YES;
				CLANG_WARN_RANGE_LOOP_ANALYSIS = YES;
				CLANG_WARN_STRICT_PROTOTYPES = YES;
				CLANG_WARN_SUSPICIOUS_MOVE = YES;
				CLANG_WARN_UNGUARDED_AVAILABILITY = YES_AGGRESSIVE;
				CLANG_WARN_UNREACHABLE_CODE = YES;
				CLANG_WARN__DUPLICATE_METHOD_MATCH = YES;
				COPY_PHASE_STRIP = NO;
				DEBUG_INFORMATION_FORMAT = "dwarf-with-dsym";
				ENABLE_NS_ASSERTIONS = NO;
				ENABLE_STRICT_OBJC_MSGSEND = YES;
				GCC_C_LANGUAGE_STANDARD = gnu11;
				GCC_NO_COMMON_BLOCKS = YES;
				GCC_WARN_64_TO_32_BIT_CONVERSION = YES;
				GCC_WARN_ABOUT_RETURN_TYPE = YES_ERROR;
				GCC_WARN_UNDECLARED_SELECTOR = YES;
				GCC_WARN_UNINITIALIZED_AUTOS = YES_AGGRESSIVE;
				GCC_WARN_UNUSED_FUNCTION = YES;
				GCC_WARN_UNUSED_VARIABLE = YES;
				IPHONEOS_DEPLOYMENT_TARGET = 16.2;
				MACOSX_DEPLOYMENT_TARGET = 13.1;
				MTL_ENABLE_DEBUG_INFO = NO;
				MTL_FAST_MATH = YES;
				SDKROOT = iphoneos;
				SWIFT_COMPILATION_MODE = wholemodule;
				SWIFT_OPTIMIZATION_LEVEL = "-O";
				VALIDATE_PRODUCT = YES;
			};
			name = Release;
		};
		E914E98327CF9CFB00FA4B68 /* Debug */ = {
			isa = XCBuildConfiguration;
			buildSettings = {
				ASSETCATALOG_COMPILER_APPICON_NAME = AppIcon;
				ASSETCATALOG_COMPILER_GLOBAL_ACCENT_COLOR_NAME = AccentColor;
				ASSETCATALOG_COMPILER_INCLUDE_ALL_APPICON_ASSETS = NO;
				CODE_SIGN_ENTITLEMENTS = Jisho/Jisho.entitlements;
				CODE_SIGN_IDENTITY = "Apple Development";
				CODE_SIGN_STYLE = Automatic;
				CURRENT_PROJECT_VERSION = 1;
				DEVELOPMENT_ASSET_PATHS = "";
				DEVELOPMENT_TEAM = 7MA43Y48DR;
				ENABLE_PREVIEWS = YES;
				GENERATE_INFOPLIST_FILE = YES;
				INFOPLIST_FILE = Jisho/Info.plist;
				INFOPLIST_KEY_LSSupportsOpeningDocumentsInPlace = YES;
				INFOPLIST_KEY_UIApplicationSupportsIndirectInputEvents = YES;
				INFOPLIST_KEY_UILaunchScreen_Generation = YES;
				INFOPLIST_KEY_UISupportedInterfaceOrientations = UIInterfaceOrientationPortrait;
				INFOPLIST_KEY_UISupportedInterfaceOrientations_iPad = "UIInterfaceOrientationLandscapeLeft UIInterfaceOrientationLandscapeRight UIInterfaceOrientationPortrait UIInterfaceOrientationPortraitUpsideDown";
				INFOPLIST_KEY_UISupportsDocumentBrowser = YES;
				IPHONEOS_DEPLOYMENT_TARGET = 16.2;
				LD_RUNPATH_SEARCH_PATHS = (
					"$(inherited)",
					"@executable_path/Frameworks",
				);
				MARKETING_VERSION = 2.0;
				PRODUCT_BUNDLE_IDENTIFIER = Thomas.Jisho;
				PRODUCT_NAME = "$(TARGET_NAME)";
				PROVISIONING_PROFILE_SPECIFIER = "";
				SUPPORTED_PLATFORMS = "iphoneos iphonesimulator";
				SUPPORTS_MACCATALYST = NO;
				SUPPORTS_MAC_DESIGNED_FOR_IPHONE_IPAD = YES;
				SWIFT_EMIT_LOC_STRINGS = YES;
				SWIFT_VERSION = 5.0;
				TARGETED_DEVICE_FAMILY = "1,2";
			};
			name = Debug;
		};
		E914E98427CF9CFB00FA4B68 /* Release */ = {
			isa = XCBuildConfiguration;
			buildSettings = {
				ASSETCATALOG_COMPILER_APPICON_NAME = AppIcon;
				ASSETCATALOG_COMPILER_GLOBAL_ACCENT_COLOR_NAME = AccentColor;
				ASSETCATALOG_COMPILER_INCLUDE_ALL_APPICON_ASSETS = NO;
				CODE_SIGN_ENTITLEMENTS = Jisho/Jisho.entitlements;
				CODE_SIGN_IDENTITY = "Apple Development";
				CODE_SIGN_STYLE = Automatic;
				CURRENT_PROJECT_VERSION = 1;
				DEVELOPMENT_ASSET_PATHS = "";
				DEVELOPMENT_TEAM = 7MA43Y48DR;
				ENABLE_PREVIEWS = YES;
				GENERATE_INFOPLIST_FILE = YES;
				INFOPLIST_FILE = Jisho/Info.plist;
				INFOPLIST_KEY_LSSupportsOpeningDocumentsInPlace = YES;
				INFOPLIST_KEY_UIApplicationSupportsIndirectInputEvents = YES;
				INFOPLIST_KEY_UILaunchScreen_Generation = YES;
				INFOPLIST_KEY_UISupportedInterfaceOrientations = UIInterfaceOrientationPortrait;
				INFOPLIST_KEY_UISupportedInterfaceOrientations_iPad = "UIInterfaceOrientationLandscapeLeft UIInterfaceOrientationLandscapeRight UIInterfaceOrientationPortrait UIInterfaceOrientationPortraitUpsideDown";
				INFOPLIST_KEY_UISupportsDocumentBrowser = YES;
				IPHONEOS_DEPLOYMENT_TARGET = 16.2;
				LD_RUNPATH_SEARCH_PATHS = (
					"$(inherited)",
					"@executable_path/Frameworks",
				);
				MARKETING_VERSION = 2.0;
				PRODUCT_BUNDLE_IDENTIFIER = Thomas.Jisho;
				PRODUCT_NAME = "$(TARGET_NAME)";
				PROVISIONING_PROFILE_SPECIFIER = "";
				SUPPORTED_PLATFORMS = "iphoneos iphonesimulator";
				SUPPORTS_MACCATALYST = NO;
				SUPPORTS_MAC_DESIGNED_FOR_IPHONE_IPAD = YES;
				SWIFT_EMIT_LOC_STRINGS = YES;
				SWIFT_VERSION = 5.0;
				TARGETED_DEVICE_FAMILY = "1,2";
			};
			name = Release;
		};
/* End XCBuildConfiguration section */

/* Begin XCConfigurationList section */
		E914E96F27CF9CF800FA4B68 /* Build configuration list for PBXProject "Jisho" */ = {
			isa = XCConfigurationList;
			buildConfigurations = (
				E914E98027CF9CFB00FA4B68 /* Debug */,
				E914E98127CF9CFB00FA4B68 /* Release */,
			);
			defaultConfigurationIsVisible = 0;
			defaultConfigurationName = Release;
		};
		E914E98227CF9CFB00FA4B68 /* Build configuration list for PBXNativeTarget "Jisho" */ = {
			isa = XCConfigurationList;
			buildConfigurations = (
				E914E98327CF9CFB00FA4B68 /* Debug */,
				E914E98427CF9CFB00FA4B68 /* Release */,
			);
			defaultConfigurationIsVisible = 0;
			defaultConfigurationName = Release;
		};
/* End XCConfigurationList section */

/* Begin XCVersionGroup section */
		E92DE1D029D1CAF000B5CB86 /* DataModel.xcdatamodeld */ = {
			isa = XCVersionGroup;
			children = (
				E92DE1D129D1CAF000B5CB86 /* DataModel.xcdatamodel */,
			);
			currentVersion = E92DE1D129D1CAF000B5CB86 /* DataModel.xcdatamodel */;
			path = DataModel.xcdatamodeld;
			sourceTree = "<group>";
			versionGroupType = wrapper.xcdatamodel;
		};
/* End XCVersionGroup section */
	};
	rootObject = E914E96C27CF9CF800FA4B68 /* Project object */;
}
